{
  "version": 4,
  "terraform_version": "1.4.5",
  "serial": 267,
  "lineage": "fa4ab074-d7c5-d937-671a-f48555c3f198",
  "outputs": {
    "availability_zones": {
      "value": [
        "us-east-1a",
        "us-east-1b",
        "us-east-1c"
      ],
      "type": [
        "list",
        "string"
      ]
    },
    "aws_lb_controller_role_arn": {
      "value": null,
      "type": "string"
    },
    "bronze_bucket_name": {
      "value": "mlops-dev-bronze",
      "type": "string"
    },
    "databricks_cross_account_role_arn": {
      "value": null,
      "type": "string"
    },
    "databricks_instance_profile_arn": {
      "value": null,
      "type": "string"
    },
    "docdb_sg_id": {
      "value": null,
      "type": "string"
    },
    "ebs_csi_driver_role_arn": {
      "value": null,
      "type": "string"
    },
    "efs_csi_driver_role_arn": {
      "value": null,
      "type": "string"
    },
    "efs_sg_id": {
      "value": null,
      "type": "string"
    },
    "eks_cluster_role_arn": {
      "value": null,
      "type": "string"
    },
    "eks_cluster_sg_id": {
      "value": null,
      "type": "string"
    },
    "eks_nodes_role_arn": {
      "value": null,
      "type": "string"
    },
    "eks_nodes_sg_id": {
      "value": null,
      "type": "string"
    },
    "external_secrets_role_arn": {
      "value": null,
      "type": "string"
    },
    "gold_bucket_name": {
      "value": "mlops-dev-gold",
      "type": "string"
    },
    "intra_subnet_ids": {
      "value": null,
      "type": "dynamic"
    },
    "jupyterhub_role_arn": {
      "value": null,
      "type": "string"
    },
    "kms_cloudwatch_key_arn": {
      "value": "arn:aws:kms:us-east-1:482227257362:key/afd2109c-8e8b-4d5f-a224-48002aba7b46",
      "type": "string"
    },
    "kms_ebs_key_arn": {
      "value": "arn:aws:kms:us-east-1:482227257362:key/e3e3c983-9eeb-4aad-8ddb-8d25a7d27a4d",
      "type": "string"
    },
    "kms_eks_key_arn": {
      "value": "arn:aws:kms:us-east-1:482227257362:key/d342cb68-c00e-4777-aeeb-bc5faa88726f",
      "type": "string"
    },
    "kms_s3_key_arn": {
      "value": "arn:aws:kms:us-east-1:482227257362:key/9b1a0081-a40a-4cf0-90df-f609eebe225a",
      "type": "string"
    },
    "kms_secrets_manager_key_arn": {
      "value": "arn:aws:kms:us-east-1:482227257362:key/07bb8526-6555-4d85-9c8d-c12ffa63677b",
      "type": "string"
    },
    "mlflow_bucket_name": {
      "value": "mlops-dev-mlflow-store",
      "type": "string"
    },
    "mlflow_role_arn": {
      "value": null,
      "type": "string"
    },
    "private_subnet_ids": {
      "value": null,
      "type": "dynamic"
    },
    "public_subnet_ids": {
      "value": null,
      "type": "dynamic"
    },
    "silver_bucket_name": {
      "value": "mlops-dev-silver",
      "type": "string"
    },
    "spark_bucket_name": {
      "value": "mlops-dev-spark",
      "type": "string"
    },
    "tfstate_bucket_name": {
      "value": "mlops-dev-tf-state",
      "type": "string"
    },
    "tfstate_lock_table_name": {
      "value": "mlops-dev-tfstate-lock",
      "type": "string"
    },
    "vpc_cidr": {
      "value": null,
      "type": "string"
    },
    "vpc_id": {
      "value": null,
      "type": "string"
    }
  },
  "resources": [
    {
      "module": "module.databricks",
      "mode": "data",
      "type": "aws_caller_identity",
      "name": "current",
      "provider": "provider[\"registry.terraform.io/hashicorp/aws\"]",
      "instances": [
        {
          "schema_version": 0,
          "attributes": {
            "account_id": "482227257362",
            "arn": "arn:aws:iam::482227257362:user/venkat_admin",
            "id": "482227257362",
            "user_id": "AIDAXARX4AAJMQMYSP65A"
          },
          "sensitive_attributes": []
        }
      ]
    },
    {
      "module": "module.databricks",
      "mode": "data",
      "type": "aws_region",
      "name": "current",
      "provider": "provider[\"registry.terraform.io/hashicorp/aws\"]",
      "instances": [
        {
          "schema_version": 0,
          "attributes": {
            "description": "US East (N. Virginia)",
            "endpoint": "ec2.us-east-1.amazonaws.com",
            "id": "us-east-1",
            "name": "us-east-1"
          },
          "sensitive_attributes": []
        }
      ]
    },
    {
      "module": "module.iam",
      "mode": "data",
      "type": "aws_caller_identity",
      "name": "current",
      "provider": "provider[\"registry.terraform.io/hashicorp/aws\"]",
      "instances": [
        {
          "schema_version": 0,
          "attributes": {
            "account_id": "482227257362",
            "arn": "arn:aws:iam::482227257362:user/venkat_admin",
            "id": "482227257362",
            "user_id": "AIDAXARX4AAJMQMYSP65A"
          },
          "sensitive_attributes": []
        }
      ]
    },
    {
      "module": "module.iam",
      "mode": "data",
      "type": "aws_region",
      "name": "current",
      "provider": "provider[\"registry.terraform.io/hashicorp/aws\"]",
      "instances": [
        {
          "schema_version": 0,
          "attributes": {
            "description": "US East (N. Virginia)",
            "endpoint": "ec2.us-east-1.amazonaws.com",
            "id": "us-east-1",
            "name": "us-east-1"
          },
          "sensitive_attributes": []
        }
      ]
    },
    {
      "module": "module.kms",
      "mode": "data",
      "type": "aws_caller_identity",
      "name": "current",
      "provider": "provider[\"registry.terraform.io/hashicorp/aws\"]",
      "instances": [
        {
          "schema_version": 0,
          "attributes": {
            "account_id": "482227257362",
            "arn": "arn:aws:iam::482227257362:user/venkat_admin",
            "id": "482227257362",
            "user_id": "AIDAXARX4AAJMQMYSP65A"
          },
          "sensitive_attributes": []
        }
      ]
    },
    {
      "module": "module.kms",
      "mode": "data",
      "type": "aws_region",
      "name": "current",
      "provider": "provider[\"registry.terraform.io/hashicorp/aws\"]",
      "instances": [
        {
          "schema_version": 0,
          "attributes": {
            "description": "US East (N. Virginia)",
            "endpoint": "ec2.us-east-1.amazonaws.com",
            "id": "us-east-1",
            "name": "us-east-1"
          },
          "sensitive_attributes": []
        }
      ]
    },
    {
      "module": "module.kms",
      "mode": "managed",
      "type": "aws_kms_alias",
      "name": "cloudwatch",
      "provider": "provider[\"registry.terraform.io/hashicorp/aws\"]",
      "instances": [
        {
          "schema_version": 0,
          "attributes": {
            "arn": "arn:aws:kms:us-east-1:482227257362:alias/mlops-dev-cloudwatch",
            "id": "alias/mlops-dev-cloudwatch",
            "name": "alias/mlops-dev-cloudwatch",
            "name_prefix": "",
            "target_key_arn": "arn:aws:kms:us-east-1:482227257362:key/afd2109c-8e8b-4d5f-a224-48002aba7b46",
            "target_key_id": "afd2109c-8e8b-4d5f-a224-48002aba7b46"
          },
          "sensitive_attributes": [],
          "private": "bnVsbA==",
          "dependencies": [
            "module.kms.aws_kms_key.cloudwatch",
            "module.kms.data.aws_caller_identity.current",
            "module.kms.data.aws_region.current"
          ]
        }
      ]
    },
    {
      "module": "module.kms",
      "mode": "managed",
      "type": "aws_kms_alias",
      "name": "ebs",
      "provider": "provider[\"registry.terraform.io/hashicorp/aws\"]",
      "instances": [
        {
          "schema_version": 0,
          "attributes": {
            "arn": "arn:aws:kms:us-east-1:482227257362:alias/mlops-dev-ebs",
            "id": "alias/mlops-dev-ebs",
            "name": "alias/mlops-dev-ebs",
            "name_prefix": "",
            "target_key_arn": "arn:aws:kms:us-east-1:482227257362:key/e3e3c983-9eeb-4aad-8ddb-8d25a7d27a4d",
            "target_key_id": "e3e3c983-9eeb-4aad-8ddb-8d25a7d27a4d"
          },
          "sensitive_attributes": [],
          "private": "bnVsbA==",
          "dependencies": [
            "module.kms.aws_kms_key.ebs",
            "module.kms.data.aws_caller_identity.current"
          ]
        }
      ]
    },
    {
      "module": "module.kms",
      "mode": "managed",
      "type": "aws_kms_alias",
      "name": "eks",
      "provider": "provider[\"registry.terraform.io/hashicorp/aws\"]",
      "instances": [
        {
          "schema_version": 0,
          "attributes": {
            "arn": "arn:aws:kms:us-east-1:482227257362:alias/mlops-dev-eks",
            "id": "alias/mlops-dev-eks",
            "name": "alias/mlops-dev-eks",
            "name_prefix": "",
            "target_key_arn": "arn:aws:kms:us-east-1:482227257362:key/d342cb68-c00e-4777-aeeb-bc5faa88726f",
            "target_key_id": "d342cb68-c00e-4777-aeeb-bc5faa88726f"
          },
          "sensitive_attributes": [],
          "private": "bnVsbA==",
          "dependencies": [
            "module.kms.aws_kms_key.eks",
            "module.kms.data.aws_caller_identity.current"
          ]
        }
      ]
    },
    {
      "module": "module.kms",
      "mode": "managed",
      "type": "aws_kms_alias",
      "name": "s3",
      "provider": "provider[\"registry.terraform.io/hashicorp/aws\"]",
      "instances": [
        {
          "schema_version": 0,
          "attributes": {
            "arn": "arn:aws:kms:us-east-1:482227257362:alias/mlops-dev-s3",
            "id": "alias/mlops-dev-s3",
            "name": "alias/mlops-dev-s3",
            "name_prefix": "",
            "target_key_arn": "arn:aws:kms:us-east-1:482227257362:key/9b1a0081-a40a-4cf0-90df-f609eebe225a",
            "target_key_id": "9b1a0081-a40a-4cf0-90df-f609eebe225a"
          },
          "sensitive_attributes": [],
          "private": "bnVsbA==",
          "dependencies": [
            "module.kms.aws_kms_key.s3",
            "module.kms.data.aws_caller_identity.current"
          ]
        }
      ]
    },
    {
      "module": "module.kms",
      "mode": "managed",
      "type": "aws_kms_alias",
      "name": "secrets_manager",
      "provider": "provider[\"registry.terraform.io/hashicorp/aws\"]",
      "instances": [
        {
          "schema_version": 0,
          "attributes": {
            "arn": "arn:aws:kms:us-east-1:482227257362:alias/mlops-dev-secrets-manager",
            "id": "alias/mlops-dev-secrets-manager",
            "name": "alias/mlops-dev-secrets-manager",
            "name_prefix": "",
            "target_key_arn": "arn:aws:kms:us-east-1:482227257362:key/07bb8526-6555-4d85-9c8d-c12ffa63677b",
            "target_key_id": "07bb8526-6555-4d85-9c8d-c12ffa63677b"
          },
          "sensitive_attributes": [],
          "private": "bnVsbA==",
          "dependencies": [
            "module.kms.aws_kms_key.secrets_manager",
            "module.kms.data.aws_caller_identity.current"
          ]
        }
      ]
    },
    {
      "module": "module.kms",
      "mode": "managed",
      "type": "aws_kms_key",
      "name": "cloudwatch",
      "provider": "provider[\"registry.terraform.io/hashicorp/aws\"]",
      "instances": [
        {
          "schema_version": 0,
          "attributes": {
            "arn": "arn:aws:kms:us-east-1:482227257362:key/afd2109c-8e8b-4d5f-a224-48002aba7b46",
            "bypass_policy_lockout_safety_check": false,
            "custom_key_store_id": "",
            "customer_master_key_spec": "SYMMETRIC_DEFAULT",
            "deletion_window_in_days": 30,
            "description": "mlops-dev CloudWatch Logs encryption",
            "enable_key_rotation": true,
            "id": "afd2109c-8e8b-4d5f-a224-48002aba7b46",
            "is_enabled": true,
            "key_id": "afd2109c-8e8b-4d5f-a224-48002aba7b46",
            "key_usage": "ENCRYPT_DECRYPT",
            "multi_region": false,
            "policy": "{\"Statement\":[{\"Action\":\"kms:*\",\"Effect\":\"Allow\",\"Principal\":{\"AWS\":\"arn:aws:iam::482227257362:root\"},\"Resource\":\"*\",\"Sid\":\"RootFullAccess\"},{\"Action\":[\"kms:Encrypt\",\"kms:Decrypt\",\"kms:ReEncrypt*\",\"kms:GenerateDataKey*\",\"kms:DescribeKey\"],\"Condition\":{\"ArnLike\":{\"kms:EncryptionContext:aws:logs:arn\":\"arn:aws:logs:us-east-1:482227257362:*\"}},\"Effect\":\"Allow\",\"Principal\":{\"Service\":\"logs.us-east-1.amazonaws.com\"},\"Resource\":\"*\",\"Sid\":\"CloudWatchLogsAccess\"}],\"Version\":\"2012-10-17\"}",
            "rotation_period_in_days": 365,
            "tags": {
              "Environment": "dev",
              "ManagedBy": "Terraform",
              "Name": "mlops-dev-cloudwatch-key",
              "Owner": "SAIC",
              "Project": "MLOps"
            },
            "tags_all": {
              "Environment": "dev",
              "ManagedBy": "Terraform",
              "Name": "mlops-dev-cloudwatch-key",
              "Owner": "SAIC",
              "Project": "MLOps"
            },
            "timeouts": null,
            "xks_key_id": ""
          },
          "sensitive_attributes": [],
          "private": "eyJlMmJmYjczMC1lY2FhLTExZTYtOGY4OC0zNDM2M2JjN2M0YzAiOnsiY3JlYXRlIjoxMjAwMDAwMDAwMDB9fQ==",
          "dependencies": [
            "module.kms.data.aws_caller_identity.current",
            "module.kms.data.aws_region.current"
          ]
        }
      ]
    },
    {
      "module": "module.kms",
      "mode": "managed",
      "type": "aws_kms_key",
      "name": "ebs",
      "provider": "provider[\"registry.terraform.io/hashicorp/aws\"]",
      "instances": [
        {
          "schema_version": 0,
          "attributes": {
            "arn": "arn:aws:kms:us-east-1:482227257362:key/e3e3c983-9eeb-4aad-8ddb-8d25a7d27a4d",
            "bypass_policy_lockout_safety_check": false,
            "custom_key_store_id": "",
            "customer_master_key_spec": "SYMMETRIC_DEFAULT",
            "deletion_window_in_days": 30,
            "description": "mlops-dev EBS volume encryption",
            "enable_key_rotation": true,
            "id": "e3e3c983-9eeb-4aad-8ddb-8d25a7d27a4d",
            "is_enabled": true,
            "key_id": "e3e3c983-9eeb-4aad-8ddb-8d25a7d27a4d",
            "key_usage": "ENCRYPT_DECRYPT",
            "multi_region": false,
            "policy": "{\"Statement\":[{\"Action\":\"kms:*\",\"Effect\":\"Allow\",\"Principal\":{\"AWS\":\"arn:aws:iam::482227257362:root\"},\"Resource\":\"*\",\"Sid\":\"RootFullAccess\"},{\"Action\":[\"kms:Encrypt\",\"kms:Decrypt\",\"kms:ReEncrypt*\",\"kms:GenerateDataKey*\",\"kms:DescribeKey\",\"kms:CreateGrant\"],\"Effect\":\"Allow\",\"Principal\":{\"AWS\":\"arn:aws:iam::482227257362:role/aws-service-role/autoscaling.amazonaws.com/AWSServiceRoleForAutoScaling\",\"Service\":\"ec2.amazonaws.com\"},\"Resource\":\"*\",\"Sid\":\"EBSServiceAccess\"}],\"Version\":\"2012-10-17\"}",
            "rotation_period_in_days": 365,
            "tags": {
              "Environment": "dev",
              "ManagedBy": "Terraform",
              "Name": "mlops-dev-ebs-key",
              "Owner": "SAIC",
              "Project": "MLOps"
            },
            "tags_all": {
              "Environment": "dev",
              "ManagedBy": "Terraform",
              "Name": "mlops-dev-ebs-key",
              "Owner": "SAIC",
              "Project": "MLOps"
            },
            "timeouts": null,
            "xks_key_id": ""
          },
          "sensitive_attributes": [],
          "private": "eyJlMmJmYjczMC1lY2FhLTExZTYtOGY4OC0zNDM2M2JjN2M0YzAiOnsiY3JlYXRlIjoxMjAwMDAwMDAwMDB9fQ==",
          "dependencies": [
            "module.kms.data.aws_caller_identity.current"
          ]
        }
      ]
    },
    {
      "module": "module.kms",
      "mode": "managed",
      "type": "aws_kms_key",
      "name": "eks",
      "provider": "provider[\"registry.terraform.io/hashicorp/aws\"]",
      "instances": [
        {
          "schema_version": 0,
          "attributes": {
            "arn": "arn:aws:kms:us-east-1:482227257362:key/d342cb68-c00e-4777-aeeb-bc5faa88726f",
            "bypass_policy_lockout_safety_check": false,
            "custom_key_store_id": "",
            "customer_master_key_spec": "SYMMETRIC_DEFAULT",
            "deletion_window_in_days": 30,
            "description": "mlops-dev EKS secrets envelope encryption",
            "enable_key_rotation": true,
            "id": "d342cb68-c00e-4777-aeeb-bc5faa88726f",
            "is_enabled": true,
            "key_id": "d342cb68-c00e-4777-aeeb-bc5faa88726f",
            "key_usage": "ENCRYPT_DECRYPT",
            "multi_region": false,
            "policy": "{\"Statement\":[{\"Action\":\"kms:*\",\"Effect\":\"Allow\",\"Principal\":{\"AWS\":\"arn:aws:iam::482227257362:root\"},\"Resource\":\"*\",\"Sid\":\"RootFullAccess\"},{\"Action\":[\"kms:Encrypt\",\"kms:Decrypt\",\"kms:ReEncrypt*\",\"kms:GenerateDataKey*\",\"kms:DescribeKey\"],\"Effect\":\"Allow\",\"Principal\":{\"Service\":\"eks.amazonaws.com\"},\"Resource\":\"*\",\"Sid\":\"EKSServiceAccess\"}],\"Version\":\"2012-10-17\"}",
            "rotation_period_in_days": 365,
            "tags": {
              "Environment": "dev",
              "ManagedBy": "Terraform",
              "Name": "mlops-dev-eks-key",
              "Owner": "SAIC",
              "Project": "MLOps"
            },
            "tags_all": {
              "Environment": "dev",
              "ManagedBy": "Terraform",
              "Name": "mlops-dev-eks-key",
              "Owner": "SAIC",
              "Project": "MLOps"
            },
            "timeouts": null,
            "xks_key_id": ""
          },
          "sensitive_attributes": [],
          "private": "eyJlMmJmYjczMC1lY2FhLTExZTYtOGY4OC0zNDM2M2JjN2M0YzAiOnsiY3JlYXRlIjoxMjAwMDAwMDAwMDB9fQ==",
          "dependencies": [
            "module.kms.data.aws_caller_identity.current"
          ]
        }
      ]
    },
    {
      "module": "module.kms",
      "mode": "managed",
      "type": "aws_kms_key",
      "name": "s3",
      "provider": "provider[\"registry.terraform.io/hashicorp/aws\"]",
      "instances": [
        {
          "schema_version": 0,
          "attributes": {
            "arn": "arn:aws:kms:us-east-1:482227257362:key/9b1a0081-a40a-4cf0-90df-f609eebe225a",
            "bypass_policy_lockout_safety_check": false,
            "custom_key_store_id": "",
            "customer_master_key_spec": "SYMMETRIC_DEFAULT",
            "deletion_window_in_days": 30,
            "description": "mlops-dev S3 bucket encryption",
            "enable_key_rotation": true,
            "id": "9b1a0081-a40a-4cf0-90df-f609eebe225a",
            "is_enabled": true,
            "key_id": "9b1a0081-a40a-4cf0-90df-f609eebe225a",
            "key_usage": "ENCRYPT_DECRYPT",
            "multi_region": false,
            "policy": "{\"Statement\":[{\"Action\":\"kms:*\",\"Effect\":\"Allow\",\"Principal\":{\"AWS\":\"arn:aws:iam::482227257362:root\"},\"Resource\":\"*\",\"Sid\":\"RootFullAccess\"},{\"Action\":[\"kms:GenerateDataKey*\",\"kms:Decrypt\"],\"Condition\":{\"StringEquals\":{\"aws:SourceAccount\":\"482227257362\"}},\"Effect\":\"Allow\",\"Principal\":{\"Service\":\"s3.amazonaws.com\"},\"Resource\":\"*\",\"Sid\":\"S3ServiceAccess\"}],\"Version\":\"2012-10-17\"}",
            "rotation_period_in_days": 365,
            "tags": {
              "Environment": "dev",
              "ManagedBy": "Terraform",
              "Name": "mlops-dev-s3-key",
              "Owner": "SAIC",
              "Project": "MLOps"
            },
            "tags_all": {
              "Environment": "dev",
              "ManagedBy": "Terraform",
              "Name": "mlops-dev-s3-key",
              "Owner": "SAIC",
              "Project": "MLOps"
            },
            "timeouts": null,
            "xks_key_id": ""
          },
          "sensitive_attributes": [],
          "private": "eyJlMmJmYjczMC1lY2FhLTExZTYtOGY4OC0zNDM2M2JjN2M0YzAiOnsiY3JlYXRlIjoxMjAwMDAwMDAwMDB9fQ==",
          "dependencies": [
            "module.kms.data.aws_caller_identity.current"
          ]
        }
      ]
    },
    {
      "module": "module.kms",
      "mode": "managed",
      "type": "aws_kms_key",
      "name": "secrets_manager",
      "provider": "provider[\"registry.terraform.io/hashicorp/aws\"]",
      "instances": [
        {
          "schema_version": 0,
          "attributes": {
            "arn": "arn:aws:kms:us-east-1:482227257362:key/07bb8526-6555-4d85-9c8d-c12ffa63677b",
            "bypass_policy_lockout_safety_check": false,
            "custom_key_store_id": "",
            "customer_master_key_spec": "SYMMETRIC_DEFAULT",
            "deletion_window_in_days": 30,
            "description": "mlops-dev Secrets Manager encryption",
            "enable_key_rotation": true,
            "id": "07bb8526-6555-4d85-9c8d-c12ffa63677b",
            "is_enabled": true,
            "key_id": "07bb8526-6555-4d85-9c8d-c12ffa63677b",
            "key_usage": "ENCRYPT_DECRYPT",
            "multi_region": false,
            "policy": "{\"Statement\":[{\"Action\":\"kms:*\",\"Effect\":\"Allow\",\"Principal\":{\"AWS\":\"arn:aws:iam::482227257362:root\"},\"Resource\":\"*\",\"Sid\":\"RootFullAccess\"},{\"Action\":[\"kms:Encrypt\",\"kms:Decrypt\",\"kms:ReEncrypt*\",\"kms:GenerateDataKey*\",\"kms:DescribeKey\",\"kms:CreateGrant\"],\"Condition\":{\"StringEquals\":{\"kms:CallerAccount\":\"482227257362\"}},\"Effect\":\"Allow\",\"Principal\":{\"Service\":\"secretsmanager.amazonaws.com\"},\"Resource\":\"*\",\"Sid\":\"SecretsManagerAccess\"}],\"Version\":\"2012-10-17\"}",
            "rotation_period_in_days": 365,
            "tags": {
              "Environment": "dev",
              "ManagedBy": "Terraform",
              "Name": "mlops-dev-secrets-manager-key",
              "Owner": "SAIC",
              "Project": "MLOps"
            },
            "tags_all": {
              "Environment": "dev",
              "ManagedBy": "Terraform",
              "Name": "mlops-dev-secrets-manager-key",
              "Owner": "SAIC",
              "Project": "MLOps"
            },
            "timeouts": null,
            "xks_key_id": ""
          },
          "sensitive_attributes": [],
          "private": "eyJlMmJmYjczMC1lY2FhLTExZTYtOGY4OC0zNDM2M2JjN2M0YzAiOnsiY3JlYXRlIjoxMjAwMDAwMDAwMDB9fQ==",
          "dependencies": [
            "module.kms.data.aws_caller_identity.current"
          ]
        }
      ]
    },
    {
      "module": "module.networking",
      "mode": "data",
      "type": "aws_availability_zones",
      "name": "available",
      "provider": "provider[\"registry.terraform.io/hashicorp/aws\"]",
      "instances": [
        {
          "schema_version": 0,
          "attributes": {
            "all_availability_zones": null,
            "exclude_names": null,
            "exclude_zone_ids": null,
            "filter": null,
            "group_names": [
              "us-east-1-zg-1"
            ],
            "id": "us-east-1",
            "names": [
              "us-east-1a",
              "us-east-1b",
              "us-east-1c",
              "us-east-1d",
              "us-east-1e",
              "us-east-1f"
            ],
            "state": "available",
            "timeouts": null,
            "zone_ids": [
              "use1-az1",
              "use1-az2",
              "use1-az4",
              "use1-az6",
              "use1-az3",
              "use1-az5"
            ]
          },
          "sensitive_attributes": []
        }
      ]
    },
    {
      "module": "module.s3",
      "mode": "data",
      "type": "aws_caller_identity",
      "name": "current",
      "provider": "provider[\"registry.terraform.io/hashicorp/aws\"]",
      "instances": [
        {
          "schema_version": 0,
          "attributes": {
            "account_id": "482227257362",
            "arn": "arn:aws:iam::482227257362:user/venkat_admin",
            "id": "482227257362",
            "user_id": "AIDAXARX4AAJMQMYSP65A"
          },
          "sensitive_attributes": []
        }
      ]
    },
    {
      "module": "module.s3",
      "mode": "managed",
      "type": "aws_dynamodb_table",
      "name": "tfstate_lock",
      "provider": "provider[\"registry.terraform.io/hashicorp/aws\"]",
      "instances": [
        {
          "schema_version": 1,
          "attributes": {
            "arn": "arn:aws:dynamodb:us-east-1:482227257362:table/mlops-dev-tfstate-lock",
            "attribute": [
              {
                "name": "LockID",
                "type": "S"
              }
            ],
            "billing_mode": "PAY_PER_REQUEST",
            "deletion_protection_enabled": false,
            "global_secondary_index": [],
            "hash_key": "LockID",
            "id": "mlops-dev-tfstate-lock",
            "import_table": [],
            "local_secondary_index": [],
            "name": "mlops-dev-tfstate-lock",
            "on_demand_throughput": [],
            "point_in_time_recovery": [
              {
                "enabled": true,
                "recovery_period_in_days": 35
              }
            ],
            "range_key": null,
            "read_capacity": 0,
            "replica": [],
            "restore_date_time": null,
            "restore_source_name": null,
            "restore_source_table_arn": null,
            "restore_to_latest_time": null,
            "server_side_encryption": [
              {
                "enabled": true,
                "kms_key_arn": "arn:aws:kms:us-east-1:482227257362:key/9b1a0081-a40a-4cf0-90df-f609eebe225a"
              }
            ],
            "stream_arn": "",
            "stream_enabled": false,
            "stream_label": "",
            "stream_view_type": "",
            "table_class": "STANDARD",
            "tags": {
              "Environment": "dev",
              "ManagedBy": "Terraform",
              "Name": "mlops-dev-tfstate-lock",
              "Owner": "SAIC",
              "Project": "MLOps"
            },
            "tags_all": {
              "Environment": "dev",
              "ManagedBy": "Terraform",
              "Name": "mlops-dev-tfstate-lock",
              "Owner": "SAIC",
              "Project": "MLOps"
            },
            "timeouts": null,
            "ttl": [
              {
                "attribute_name": "",
                "enabled": false
              }
            ],
            "write_capacity": 0
          },
          "sensitive_attributes": [],
          "private": "eyJlMmJmYjczMC1lY2FhLTExZTYtOGY4OC0zNDM2M2JjN2M0YzAiOnsiY3JlYXRlIjoxODAwMDAwMDAwMDAwLCJkZWxldGUiOjYwMDAwMDAwMDAwMCwidXBkYXRlIjozNjAwMDAwMDAwMDAwfSwic2NoZW1hX3ZlcnNpb24iOiIxIn0=",
          "dependencies": [
            "module.kms.aws_kms_alias.cloudwatch",
            "module.kms.aws_kms_alias.ebs",
            "module.kms.aws_kms_alias.eks",
            "module.kms.aws_kms_alias.s3",
            "module.kms.aws_kms_alias.secrets_manager",
            "module.kms.aws_kms_key.cloudwatch",
            "module.kms.aws_kms_key.ebs",
            "module.kms.aws_kms_key.eks",
            "module.kms.aws_kms_key.s3",
            "module.kms.aws_kms_key.secrets_manager",
            "module.kms.data.aws_caller_identity.current",
            "module.kms.data.aws_region.current"
          ]
        }
      ]
    },
    {
      "module": "module.s3",
      "mode": "managed",
      "type": "aws_s3_bucket",
      "name": "mlflow",
      "provider": "provider[\"registry.terraform.io/hashicorp/aws\"]",
      "instances": [
        {
          "schema_version": 0,
          "attributes": {
            "acceleration_status": "",
            "acl": null,
            "arn": "arn:aws:s3:::mlops-dev-mlflow-artifacts-482227257362",
            "bucket": "mlops-dev-mlflow-artifacts-482227257362",
            "bucket_domain_name": "mlops-dev-mlflow-artifacts-482227257362.s3.amazonaws.com",
            "bucket_prefix": "",
            "bucket_regional_domain_name": "mlops-dev-mlflow-artifacts-482227257362.s3.us-east-1.amazonaws.com",
            "cors_rule": [],
            "force_destroy": false,
            "grant": [
              {
                "id": "ef87ba17deed0f812283592f1d2ece4bb8e3f721c5f04931abd116d5bf1e671b",
                "permissions": [
                  "FULL_CONTROL"
                ],
                "type": "CanonicalUser",
                "uri": ""
              }
            ],
            "hosted_zone_id": "Z3AQBSTGFYJSTF",
            "id": "mlops-dev-mlflow-artifacts-482227257362",
            "lifecycle_rule": [],
            "logging": [],
            "object_lock_configuration": [],
            "object_lock_enabled": false,
            "policy": "{\"Statement\":[{\"Action\":\"s3:*\",\"Condition\":{\"Bool\":{\"aws:SecureTransport\":\"false\"}},\"Effect\":\"Deny\",\"Principal\":\"*\",\"Resource\":[\"arn:aws:s3:::mlops-dev-mlflow-artifacts-482227257362\",\"arn:aws:s3:::mlops-dev-mlflow-artifacts-482227257362/*\"],\"Sid\":\"DenyNonTLS\"}],\"Version\":\"2012-10-17\"}",
            "region": "us-east-1",
            "replication_configuration": [],
            "request_payer": "BucketOwner",
            "server_side_encryption_configuration": [
              {
                "rule": [
                  {
                    "apply_server_side_encryption_by_default": [
                      {
                        "kms_master_key_id": "arn:aws:kms:us-east-1:482227257362:key/9b1a0081-a40a-4cf0-90df-f609eebe225a",
                        "sse_algorithm": "aws:kms"
                      }
                    ],
                    "bucket_key_enabled": true
                  }
                ]
              }
            ],
            "tags": {
              "Environment": "dev",
              "ManagedBy": "Terraform",
              "Name": "mlops-dev-mlflow-artifacts-482227257362",
              "Owner": "SAIC",
              "Project": "MLOps",
              "Purpose": "MLflow model artifacts and experiment tracking"
            },
            "tags_all": {
              "Environment": "dev",
              "ManagedBy": "Terraform",
              "Name": "mlops-dev-mlflow-artifacts-482227257362",
              "Owner": "SAIC",
              "Project": "MLOps",
              "Purpose": "MLflow model artifacts and experiment tracking"
            },
            "timeouts": null,
            "versioning": [
              {
                "enabled": true,
                "mfa_delete": false
              }
            ],
            "website": [],
            "website_domain": null,
            "website_endpoint": null
          },
          "sensitive_attributes": [],
          "private": "eyJlMmJmYjczMC1lY2FhLTExZTYtOGY4OC0zNDM2M2JjN2M0YzAiOnsiY3JlYXRlIjoxMjAwMDAwMDAwMDAwLCJkZWxldGUiOjM2MDAwMDAwMDAwMDAsInJlYWQiOjEyMDAwMDAwMDAwMDAsInVwZGF0ZSI6MTIwMDAwMDAwMDAwMH19",
          "dependencies": [
            "module.kms.aws_kms_alias.cloudwatch",
            "module.kms.aws_kms_alias.ebs",
            "module.kms.aws_kms_alias.eks",
            "module.kms.aws_kms_alias.s3",
            "module.kms.aws_kms_alias.secrets_manager",
            "module.kms.aws_kms_key.cloudwatch",
            "module.kms.aws_kms_key.ebs",
            "module.kms.aws_kms_key.eks",
            "module.kms.aws_kms_key.s3",
            "module.kms.aws_kms_key.secrets_manager",
            "module.kms.data.aws_caller_identity.current",
            "module.kms.data.aws_region.current",
            "module.s3.data.aws_caller_identity.current"
          ]
        }
      ]
    },
    {
      "module": "module.s3",
      "mode": "managed",
      "type": "aws_s3_bucket_lifecycle_configuration",
      "name": "bronze",
      "provider": "provider[\"registry.terraform.io/hashicorp/aws\"]",
      "instances": []
    },
    {
      "module": "module.s3",
      "mode": "managed",
      "type": "aws_s3_bucket_lifecycle_configuration",
      "name": "gold",
      "provider": "provider[\"registry.terraform.io/hashicorp/aws\"]",
      "instances": []
    },
    {
      "module": "module.s3",
      "mode": "managed",
      "type": "aws_s3_bucket_lifecycle_configuration",
      "name": "silver",
      "provider": "provider[\"registry.terraform.io/hashicorp/aws\"]",
      "instances": []
    },
    {
      "module": "module.s3",
      "mode": "managed",
      "type": "aws_s3_bucket_policy",
      "name": "gold_tls",
      "provider": "provider[\"registry.terraform.io/hashicorp/aws\"]",
      "instances": []
    },
    {
      "module": "module.s3",
      "mode": "managed",
      "type": "aws_s3_bucket_policy",
      "name": "mlflow_tls",
      "provider": "provider[\"registry.terraform.io/hashicorp/aws\"]",
      "instances": []
    },
    {
      "module": "module.s3",
      "mode": "managed",
      "type": "aws_s3_bucket_policy",
      "name": "silver_tls",
      "provider": "provider[\"registry.terraform.io/hashicorp/aws\"]",
      "instances": []
    },
    {
      "module": "module.s3",
      "mode": "managed",
      "type": "aws_s3_bucket_policy",
      "name": "spark_tls",
      "provider": "provider[\"registry.terraform.io/hashicorp/aws\"]",
      "instances": []
    },
    {
      "module": "module.s3",
      "mode": "managed",
      "type": "aws_s3_bucket_policy",
      "name": "tfstate_tls",
      "provider": "provider[\"registry.terraform.io/hashicorp/aws\"]",
      "instances": []
    },
    {
      "module": "module.s3",
      "mode": "managed",
      "type": "aws_s3_bucket_public_access_block",
      "name": "bronze",
      "provider": "provider[\"registry.terraform.io/hashicorp/aws\"]",
      "instances": []
    },
    {
      "module": "module.s3",
      "mode": "managed",
      "type": "aws_s3_bucket_public_access_block",
      "name": "mlflow",
      "provider": "provider[\"registry.terraform.io/hashicorp/aws\"]",
      "instances": []
    },
    {
      "module": "module.s3",
      "mode": "managed",
      "type": "aws_s3_bucket_public_access_block",
      "name": "silver",
      "provider": "provider[\"registry.terraform.io/hashicorp/aws\"]",
      "instances": []
    },
    {
      "module": "module.s3",
      "mode": "managed",
      "type": "aws_s3_bucket_public_access_block",
      "name": "spark",
      "provider": "provider[\"registry.terraform.io/hashicorp/aws\"]",
      "instances": []
    },
    {
      "module": "module.s3",
      "mode": "managed",
      "type": "aws_s3_bucket_server_side_encryption_configuration",
      "name": "bronze",
      "provider": "provider[\"registry.terraform.io/hashicorp/aws\"]",
      "instances": []
    },
    {
      "module": "module.s3",
      "mode": "managed",
      "type": "aws_s3_bucket_server_side_encryption_configuration",
      "name": "gold",
      "provider": "provider[\"registry.terraform.io/hashicorp/aws\"]",
      "instances": []
    },
    {
      "module": "module.s3",
      "mode": "managed",
      "type": "aws_s3_bucket_server_side_encryption_configuration",
      "name": "mlflow",
      "provider": "provider[\"registry.terraform.io/hashicorp/aws\"]",
      "instances": []
    },
    {
      "module": "module.s3",
      "mode": "managed",
      "type": "aws_s3_bucket_server_side_encryption_configuration",
      "name": "silver",
      "provider": "provider[\"registry.terraform.io/hashicorp/aws\"]",
      "instances": []
    },
    {
      "module": "module.s3",
      "mode": "managed",
      "type": "aws_s3_bucket_server_side_encryption_configuration",
      "name": "spark",
      "provider": "provider[\"registry.terraform.io/hashicorp/aws\"]",
      "instances": []
    },
    {
      "module": "module.s3",
      "mode": "managed",
      "type": "aws_s3_bucket_server_side_encryption_configuration",
      "name": "tfstate",
      "provider": "provider[\"registry.terraform.io/hashicorp/aws\"]",
      "instances": []
    },
    {
      "module": "module.s3",
      "mode": "managed",
      "type": "aws_s3_bucket_versioning",
      "name": "bronze",
      "provider": "provider[\"registry.terraform.io/hashicorp/aws\"]",
      "instances": []
    },
    {
      "module": "module.s3",
      "mode": "managed",
      "type": "aws_s3_bucket_versioning",
      "name": "gold",
      "provider": "provider[\"registry.terraform.io/hashicorp/aws\"]",
      "instances": []
    },
    {
      "module": "module.s3",
      "mode": "managed",
      "type": "aws_s3_bucket_versioning",
      "name": "mlflow",
      "provider": "provider[\"registry.terraform.io/hashicorp/aws\"]",
      "instances": []
    },
    {
      "module": "module.s3",
      "mode": "managed",
      "type": "aws_s3_bucket_versioning",
      "name": "tfstate",
      "provider": "provider[\"registry.terraform.io/hashicorp/aws\"]",
      "instances": []
    }
  ],
  "check_results": null
}
